<Solution>
  <Project Path="calculadora/mvcCalc.csproj" />
  <Project Path="clCalculadora/clCalc.csproj" Id="8a0206d2-a990-4073-ae97-fb9fab267ab8" />
  <Project Path="mobCalc/mobCalc.csproj" Id="e547af1f-0076-4ef5-a54f-d21f9c858b2f">
    <Deploy Solution="Debug|*" />
  </Project>
  <Project Path="WinFormsApp/wfCalc.csproj" Id="fe831894-f9b3-4b08-84d6-18e96170b553" />
</Solution>
